
Microsoft Visual Studio Solution File, Format Version 12.00
# Visual Studio Version 16
VisualStudioVersion = 16.0.32126.315
MinimumVisualStudioVersion = 10.0.40219.1
Project("{9A19103F-16F7-4668-BE54-9A1E7A4F7556}") = "CFTTraderAPI", "CFTTraderAPI\CFTTraderAPI.csproj", "{2F715475-22C8-4566-88FF-C3D5F9B86E76}"
EndProject
Global
	GlobalSection(SolutionConfigurationPlatforms) = preSolution
		Debug|Any CPU = Debug|Any CPU
		Release|Any CPU = Release|Any CPU
	EndGlobalSection
	GlobalSection(ProjectConfigurationPlatforms) = postSolution
		{2F715475-22C8-4566-88FF-C3D5F9B86E76}.Debug|Any CPU.ActiveCfg = Debug|Any CPU
		{2F715475-22C8-4566-88FF-C3D5F9B86E76}.Debug|Any CPU.Build.0 = Debug|Any CPU
		{2F715475-22C8-4566-88FF-C3D5F9B86E76}.Release|Any CPU.ActiveCfg = Release|Any CPU
		{2F715475-22C8-4566-88FF-C3D5F9B86E76}.Release|Any CPU.Build.0 = Release|Any CPU
	EndGlobalSection
	GlobalSection(SolutionProperties) = preSolution
		HideSolutionNode = FALSE
	EndGlobalSection
	GlobalSection(ExtensibilityGlobals) = postSolution
		SolutionGuid = {D6E98DF6-4EC3-4FB6-AEAB-34783DA6FFAA}
	EndGlobalSection
EndGlobal
